
Microsoft Visual Studio Solution File, Format Version 12.00
# Visual Studio Version 16
VisualStudioVersion = 16.0.31515.178
MinimumVisualStudioVersion = 10.0.40219.1
Project("{9A19103F-16F7-4668-BE54-9A1E7A4F7556}") = "LeaderboardDemo", "LeaderboardDemo.csproj", "{370323B4-02F8-45F6-B2D1-449B9E3628E7}"
EndProject
Global
	GlobalSection(SolutionConfigurationPlatforms) = preSolution
		Debug|Any CPU = Debug|Any CPU
		Release|Any CPU = Release|Any CPU
	EndGlobalSection
	GlobalSection(ProjectConfigurationPlatforms) = postSolution
		{370323B4-02F8-45F6-B2D1-449B9E3628E7}.Debug|Any CPU.ActiveCfg = Debug|Any CPU
		{370323B4-02F8-45F6-B2D1-449B9E3628E7}.Debug|Any CPU.Build.0 = Debug|Any CPU
		{370323B4-02F8-45F6-B2D1-449B9E3628E7}.Release|Any CPU.ActiveCfg = Release|Any CPU
		{370323B4-02F8-45F6-B2D1-449B9E3628E7}.Release|Any CPU.Build.0 = Release|Any CPU
	EndGlobalSection
	GlobalSection(SolutionProperties) = preSolution
		HideSolutionNode = FALSE
	EndGlobalSection
	GlobalSection(ExtensibilityGlobals) = postSolution
		SolutionGuid = {7BAA2F96-D08B-4025-B548-1F615B269778}
	EndGlobalSection
EndGlobal
